
Microsoft Visual Studio Solution File, Format Version 12.00
# Visual Studio 15
Project("{FAE04EC0-301F-11D3-BF4B-00C04F79EFBC}") = "GoodMoodUI.Android", "GoodMoodUI.Android\GoodMoodUI.Android.csproj", "{5980133F-3A36-44DA-BE66-14D8C070EC9E}"
EndProject
Project("{FAE04EC0-301F-11D3-BF4B-00C04F79EFBC}") = "GoodMoodUI.iOS", "GoodMoodUI.iOS\GoodMoodUI.iOS.csproj", "{7B188E2B-0731-453B-B80D-BBD48E6BB119}"
EndProject
Project("{FAE04EC0-301F-11D3-BF4B-00C04F79EFBC}") = "GoodMoodUI", "GoodMoodUI\GoodMoodUI.csproj", "{4B82AB0A-8157-4A2A-86A0-39C5C8692248}"
EndProject
Global
	GlobalSection(SolutionConfigurationPlatforms) = preSolution
		Debug|Any CPU = Debug|Any CPU
		Release|Any CPU = Release|Any CPU
		Debug|iPhoneSimulator = Debug|iPhoneSimulator
		Release|iPhoneSimulator = Release|iPhoneSimulator
		Debug|iPhone = Debug|iPhone
		Release|iPhone = Release|iPhone
	EndGlobalSection
	GlobalSection(ProjectConfigurationPlatforms) = postSolution
		{5980133F-3A36-44DA-BE66-14D8C070EC9E}.Debug|Any CPU.ActiveCfg = Debug|Any CPU
		{5980133F-3A36-44DA-BE66-14D8C070EC9E}.Debug|Any CPU.Build.0 = Debug|Any CPU
		{5980133F-3A36-44DA-BE66-14D8C070EC9E}.Release|Any CPU.ActiveCfg = Release|Any CPU
		{5980133F-3A36-44DA-BE66-14D8C070EC9E}.Release|Any CPU.Build.0 = Release|Any CPU
		{5980133F-3A36-44DA-BE66-14D8C070EC9E}.Debug|iPhoneSimulator.ActiveCfg = Debug|Any CPU
		{5980133F-3A36-44DA-BE66-14D8C070EC9E}.Debug|iPhoneSimulator.Build.0 = Debug|Any CPU
		{5980133F-3A36-44DA-BE66-14D8C070EC9E}.Release|iPhoneSimulator.ActiveCfg = Release|Any CPU
		{5980133F-3A36-44DA-BE66-14D8C070EC9E}.Release|iPhoneSimulator.Build.0 = Release|Any CPU
		{5980133F-3A36-44DA-BE66-14D8C070EC9E}.Debug|iPhone.ActiveCfg = Debug|Any CPU
		{5980133F-3A36-44DA-BE66-14D8C070EC9E}.Debug|iPhone.Build.0 = Debug|Any CPU
		{5980133F-3A36-44DA-BE66-14D8C070EC9E}.Release|iPhone.ActiveCfg = Release|Any CPU
		{5980133F-3A36-44DA-BE66-14D8C070EC9E}.Release|iPhone.Build.0 = Release|Any CPU
		{7B188E2B-0731-453B-B80D-BBD48E6BB119}.Debug|Any CPU.ActiveCfg = Debug|iPhoneSimulator
		{7B188E2B-0731-453B-B80D-BBD48E6BB119}.Debug|Any CPU.Build.0 = Debug|iPhoneSimulator
		{7B188E2B-0731-453B-B80D-BBD48E6BB119}.Release|Any CPU.ActiveCfg = Release|iPhoneSimulator
		{7B188E2B-0731-453B-B80D-BBD48E6BB119}.Release|Any CPU.Build.0 = Release|iPhoneSimulator
		{7B188E2B-0731-453B-B80D-BBD48E6BB119}.Debug|iPhoneSimulator.ActiveCfg = Debug|iPhoneSimulator
		{7B188E2B-0731-453B-B80D-BBD48E6BB119}.Debug|iPhoneSimulator.Build.0 = Debug|iPhoneSimulator
		{7B188E2B-0731-453B-B80D-BBD48E6BB119}.Release|iPhoneSimulator.ActiveCfg = Release|iPhoneSimulator
		{7B188E2B-0731-453B-B80D-BBD48E6BB119}.Release|iPhoneSimulator.Build.0 = Release|iPhoneSimulator
		{7B188E2B-0731-453B-B80D-BBD48E6BB119}.Debug|iPhone.ActiveCfg = Debug|iPhone
		{7B188E2B-0731-453B-B80D-BBD48E6BB119}.Debug|iPhone.Build.0 = Debug|iPhone
		{7B188E2B-0731-453B-B80D-BBD48E6BB119}.Release|iPhone.ActiveCfg = Release|iPhone
		{7B188E2B-0731-453B-B80D-BBD48E6BB119}.Release|iPhone.Build.0 = Release|iPhone
		{4B82AB0A-8157-4A2A-86A0-39C5C8692248}.Debug|Any CPU.ActiveCfg = Debug|Any CPU
		{4B82AB0A-8157-4A2A-86A0-39C5C8692248}.Debug|Any CPU.Build.0 = Debug|Any CPU
		{4B82AB0A-8157-4A2A-86A0-39C5C8692248}.Release|Any CPU.ActiveCfg = Release|Any CPU
		{4B82AB0A-8157-4A2A-86A0-39C5C8692248}.Release|Any CPU.Build.0 = Release|Any CPU
		{4B82AB0A-8157-4A2A-86A0-39C5C8692248}.Debug|iPhoneSimulator.ActiveCfg = Debug|Any CPU
		{4B82AB0A-8157-4A2A-86A0-39C5C8692248}.Debug|iPhoneSimulator.Build.0 = Debug|Any CPU
		{4B82AB0A-8157-4A2A-86A0-39C5C8692248}.Release|iPhoneSimulator.ActiveCfg = Release|Any CPU
		{4B82AB0A-8157-4A2A-86A0-39C5C8692248}.Release|iPhoneSimulator.Build.0 = Release|Any CPU
		{4B82AB0A-8157-4A2A-86A0-39C5C8692248}.Debug|iPhone.ActiveCfg = Debug|Any CPU
		{4B82AB0A-8157-4A2A-86A0-39C5C8692248}.Debug|iPhone.Build.0 = Debug|Any CPU
		{4B82AB0A-8157-4A2A-86A0-39C5C8692248}.Release|iPhone.ActiveCfg = Release|Any CPU
		{4B82AB0A-8157-4A2A-86A0-39C5C8692248}.Release|iPhone.Build.0 = Release|Any CPU
	EndGlobalSection
EndGlobal
